
Microsoft Visual Studio Solution File, Format Version 12.00
# Visual Studio Version 17
VisualStudioVersion = 17.9.34714.143
MinimumVisualStudioVersion = 10.0.40219.1
Project("{FAE04EC0-301F-11D3-BF4B-00C04F79EFBC}") = "WebUI", "WebUI\WebUI.csproj", "{2583FBBA-E868-42E1-B849-FE8E4F13B899}"
EndProject
Global
	GlobalSection(SolutionConfigurationPlatforms) = preSolution
		Debug|Any CPU = Debug|Any CPU
		Release|Any CPU = Release|Any CPU
	EndGlobalSection
	GlobalSection(ProjectConfigurationPlatforms) = postSolution
		{2583FBBA-E868-42E1-B849-FE8E4F13B899}.Debug|Any CPU.ActiveCfg = Debug|Any CPU
		{2583FBBA-E868-42E1-B849-FE8E4F13B899}.Debug|Any CPU.Build.0 = Debug|Any CPU
		{2583FBBA-E868-42E1-B849-FE8E4F13B899}.Release|Any CPU.ActiveCfg = Release|Any CPU
		{2583FBBA-E868-42E1-B849-FE8E4F13B899}.Release|Any CPU.Build.0 = Release|Any CPU
	EndGlobalSection
	GlobalSection(SolutionProperties) = preSolution
		HideSolutionNode = FALSE
	EndGlobalSection
	GlobalSection(ExtensibilityGlobals) = postSolution
		SolutionGuid = {3FE0AD96-AC16-4511-9162-E657714F65F7}
	EndGlobalSection
EndGlobal
